
Microsoft Visual Studio Solution File, Format Version 12.00
# Visual Studio Version 16
VisualStudioVersion = 16.0.30011.22
MinimumVisualStudioVersion = 10.0.40219.1
Project("{FAE04EC0-301F-11D3-BF4B-00C04F79EFBC}") = "JqueryAutoComplete", "JqueryAutoComplete\JqueryAutoComplete.csproj", "{3E111878-934B-4614-B619-FBCB753B81D0}"
EndProject
Global
	GlobalSection(SolutionConfigurationPlatforms) = preSolution
		Debug|Any CPU = Debug|Any CPU
		Release|Any CPU = Release|Any CPU
	EndGlobalSection
	GlobalSection(ProjectConfigurationPlatforms) = postSolution
		{3E111878-934B-4614-B619-FBCB753B81D0}.Debug|Any CPU.ActiveCfg = Debug|Any CPU
		{3E111878-934B-4614-B619-FBCB753B81D0}.Debug|Any CPU.Build.0 = Debug|Any CPU
		{3E111878-934B-4614-B619-FBCB753B81D0}.Release|Any CPU.ActiveCfg = Release|Any CPU
		{3E111878-934B-4614-B619-FBCB753B81D0}.Release|Any CPU.Build.0 = Release|Any CPU
	EndGlobalSection
	GlobalSection(SolutionProperties) = preSolution
		HideSolutionNode = FALSE
	EndGlobalSection
	GlobalSection(ExtensibilityGlobals) = postSolution
		SolutionGuid = {B51B7A26-A47D-4F0B-8083-C5EB570565B3}
	EndGlobalSection
EndGlobal
